
Microsoft Visual Studio Solution File, Format Version 12.00
# Visual Studio 15
VisualStudioVersion = 15.0.27703.2026
MinimumVisualStudioVersion = 10.0.40219.1
Project("{FAE04EC0-301F-11D3-BF4B-00C04F79EFBC}") = "FeatureBan.Domain.Tests", "FeatureBan.Domain.Tests\FeatureBan.Domain.Tests.csproj", "{C5E304C6-1A7F-46E9-8495-B9AD8618F782}"
EndProject
Project("{FAE04EC0-301F-11D3-BF4B-00C04F79EFBC}") = "FeatureBan.Domain", "FeatureBan.Domain\FeatureBan.Domain.csproj", "{18ED091B-09D1-43F7-B218-2A2199C184E2}"
EndProject
Global
	GlobalSection(SolutionConfigurationPlatforms) = preSolution
		Debug|Any CPU = Debug|Any CPU
		Release|Any CPU = Release|Any CPU
	EndGlobalSection
	GlobalSection(ProjectConfigurationPlatforms) = postSolution
		{C5E304C6-1A7F-46E9-8495-B9AD8618F782}.Debug|Any CPU.ActiveCfg = Debug|Any CPU
		{C5E304C6-1A7F-46E9-8495-B9AD8618F782}.Debug|Any CPU.Build.0 = Debug|Any CPU
		{C5E304C6-1A7F-46E9-8495-B9AD8618F782}.Release|Any CPU.ActiveCfg = Release|Any CPU
		{C5E304C6-1A7F-46E9-8495-B9AD8618F782}.Release|Any CPU.Build.0 = Release|Any CPU
		{18ED091B-09D1-43F7-B218-2A2199C184E2}.Debug|Any CPU.ActiveCfg = Debug|Any CPU
		{18ED091B-09D1-43F7-B218-2A2199C184E2}.Debug|Any CPU.Build.0 = Debug|Any CPU
		{18ED091B-09D1-43F7-B218-2A2199C184E2}.Release|Any CPU.ActiveCfg = Release|Any CPU
		{18ED091B-09D1-43F7-B218-2A2199C184E2}.Release|Any CPU.Build.0 = Release|Any CPU
	EndGlobalSection
	GlobalSection(SolutionProperties) = preSolution
		HideSolutionNode = FALSE
	EndGlobalSection
	GlobalSection(ExtensibilityGlobals) = postSolution
		SolutionGuid = {F64EFFD0-81FD-4F3F-BAFE-EC6EEE36853E}
	EndGlobalSection
EndGlobal
